{
  "version": 4,
  "terraform_version": "0.15.5",
  "serial": 60,
  "lineage": "6058c4b9-78ab-ec7a-661d-250875bdb47c",
  "outputs": {},
  "resources": [
    {
      "mode": "managed",
      "type": "google_compute_address",
      "name": "master0",
      "provider": "provider[\"registry.terraform.io/hashicorp/google\"]",
      "instances": [
        {
          "schema_version": 0,
          "attributes": {
            "address": "35.192.68.184",
            "address_type": "EXTERNAL",
            "creation_timestamp": "2021-07-22T00:43:13.378-07:00",
            "description": "",
            "id": "projects/run-ai-external/regions/us-central1/addresses/kube-mn-master0-public-address",
            "name": "kube-mn-master0-public-address",
            "network": "",
            "network_tier": "PREMIUM",
            "prefix_length": 0,
            "project": "run-ai-external",
            "purpose": "",
            "region": "us-central1",
            "self_link": "https://www.googleapis.com/compute/v1/projects/run-ai-external/regions/us-central1/addresses/kube-mn-master0-public-address",
            "subnetwork": "",
            "timeouts": null,
            "users": [
              "https://www.googleapis.com/compute/v1/projects/run-ai-external/zones/us-central1-b/instances/kube-mn-master0"
            ]
          },
          "sensitive_attributes": [],
          "private": "eyJlMmJmYjczMC1lY2FhLTExZTYtOGY4OC0zNDM2M2JjN2M0YzAiOnsiY3JlYXRlIjoyNDAwMDAwMDAwMDAsImRlbGV0ZSI6MjQwMDAwMDAwMDAwfX0="
        }
      ]
    },
    {
      "mode": "managed",
      "type": "google_compute_firewall",
      "name": "default_allow_external",
      "provider": "provider[\"registry.terraform.io/hashicorp/google\"]",
      "instances": [
        {
          "schema_version": 1,
          "attributes": {
            "allow": [
              {
                "ports": [
                  "22",
                  "6443"
                ],
                "protocol": "tcp"
              },
              {
                "ports": [],
                "protocol": "icmp"
              }
            ],
            "creation_timestamp": "2021-07-22T01:27:43.596-07:00",
            "deny": [],
            "description": "",
            "destination_ranges": [],
            "direction": "INGRESS",
            "disabled": false,
            "enable_logging": null,
            "id": "projects/run-ai-external/global/firewalls/default-allow-external",
            "log_config": [],
            "name": "default-allow-external",
            "network": "https://www.googleapis.com/compute/v1/projects/run-ai-external/global/networks/default",
            "priority": 1000,
            "project": "run-ai-external",
            "self_link": "https://www.googleapis.com/compute/v1/projects/run-ai-external/global/firewalls/default-allow-external",
            "source_ranges": [
              "0.0.0.0/0"
            ],
            "source_service_accounts": [],
            "source_tags": [],
            "target_service_accounts": [],
            "target_tags": [],
            "timeouts": null
          },
          "sensitive_attributes": [],
          "private": "eyJlMmJmYjczMC1lY2FhLTExZTYtOGY4OC0zNDM2M2JjN2M0YzAiOnsiY3JlYXRlIjoyNDAwMDAwMDAwMDAsImRlbGV0ZSI6MjQwMDAwMDAwMDAwLCJ1cGRhdGUiOjI0MDAwMDAwMDAwMH0sInNjaGVtYV92ZXJzaW9uIjoiMSJ9"
        }
      ]
    },
    {
      "mode": "managed",
      "type": "google_compute_firewall",
      "name": "net0_allow_external",
      "provider": "provider[\"registry.terraform.io/hashicorp/google\"]",
      "instances": [
        {
          "schema_version": 1,
          "attributes": {
            "allow": [
              {
                "ports": [
                  "22",
                  "6443"
                ],
                "protocol": "tcp"
              },
              {
                "ports": [],
                "protocol": "icmp"
              }
            ],
            "creation_timestamp": "2021-07-21T21:25:03.260-07:00",
            "deny": [],
            "description": "",
            "destination_ranges": [],
            "direction": "INGRESS",
            "disabled": false,
            "enable_logging": null,
            "id": "projects/run-ai-external/global/firewalls/net0-allow-external",
            "log_config": [],
            "name": "net0-allow-external",
            "network": "https://www.googleapis.com/compute/v1/projects/run-ai-external/global/networks/net0",
            "priority": 1000,
            "project": "run-ai-external",
            "self_link": "https://www.googleapis.com/compute/v1/projects/run-ai-external/global/firewalls/net0-allow-external",
            "source_ranges": [
              "0.0.0.0/0"
            ],
            "source_service_accounts": [],
            "source_tags": [],
            "target_service_accounts": [],
            "target_tags": [],
            "timeouts": null
          },
          "sensitive_attributes": [],
          "private": "eyJlMmJmYjczMC1lY2FhLTExZTYtOGY4OC0zNDM2M2JjN2M0YzAiOnsiY3JlYXRlIjoyNDAwMDAwMDAwMDAsImRlbGV0ZSI6MjQwMDAwMDAwMDAwLCJ1cGRhdGUiOjI0MDAwMDAwMDAwMH0sInNjaGVtYV92ZXJzaW9uIjoiMSJ9"
        }
      ]
    },
    {
      "mode": "managed",
      "type": "google_compute_firewall",
      "name": "net0_allow_internal",
      "provider": "provider[\"registry.terraform.io/hashicorp/google\"]",
      "instances": [
        {
          "schema_version": 1,
          "attributes": {
            "allow": [
              {
                "ports": [],
                "protocol": "all"
              }
            ],
            "creation_timestamp": "2021-07-21T21:38:37.204-07:00",
            "deny": [],
            "description": "",
            "destination_ranges": [],
            "direction": "INGRESS",
            "disabled": false,
            "enable_logging": null,
            "id": "projects/run-ai-external/global/firewalls/net0-allow-internal",
            "log_config": [],
            "name": "net0-allow-internal",
            "network": "https://www.googleapis.com/compute/v1/projects/run-ai-external/global/networks/net0",
            "priority": 1000,
            "project": "run-ai-external",
            "self_link": "https://www.googleapis.com/compute/v1/projects/run-ai-external/global/firewalls/net0-allow-internal",
            "source_ranges": [
              "10.128.0.0/16",
              "10.44.1.0/24",
              "192.168.1.0/24"
            ],
            "source_service_accounts": [],
            "source_tags": [],
            "target_service_accounts": [],
            "target_tags": [],
            "timeouts": null
          },
          "sensitive_attributes": [],
          "private": "eyJlMmJmYjczMC1lY2FhLTExZTYtOGY4OC0zNDM2M2JjN2M0YzAiOnsiY3JlYXRlIjoyNDAwMDAwMDAwMDAsImRlbGV0ZSI6MjQwMDAwMDAwMDAwLCJ1cGRhdGUiOjI0MDAwMDAwMDAwMH0sInNjaGVtYV92ZXJzaW9uIjoiMSJ9"
        }
      ]
    },
    {
      "mode": "managed",
      "type": "google_compute_firewall",
      "name": "net1_allow_external",
      "provider": "provider[\"registry.terraform.io/hashicorp/google\"]",
      "instances": [
        {
          "schema_version": 1,
          "attributes": {
            "allow": [
              {
                "ports": [
                  "22",
                  "6443"
                ],
                "protocol": "tcp"
              },
              {
                "ports": [],
                "protocol": "icmp"
              }
            ],
            "creation_timestamp": "2021-07-21T21:25:03.922-07:00",
            "deny": [],
            "description": "",
            "destination_ranges": [],
            "direction": "INGRESS",
            "disabled": false,
            "enable_logging": null,
            "id": "projects/run-ai-external/global/firewalls/net1-allow-external",
            "log_config": [],
            "name": "net1-allow-external",
            "network": "https://www.googleapis.com/compute/v1/projects/run-ai-external/global/networks/net1",
            "priority": 1000,
            "project": "run-ai-external",
            "self_link": "https://www.googleapis.com/compute/v1/projects/run-ai-external/global/firewalls/net1-allow-external",
            "source_ranges": [
              "0.0.0.0/0"
            ],
            "source_service_accounts": [],
            "source_tags": [],
            "target_service_accounts": [],
            "target_tags": [],
            "timeouts": null
          },
          "sensitive_attributes": [],
          "private": "eyJlMmJmYjczMC1lY2FhLTExZTYtOGY4OC0zNDM2M2JjN2M0YzAiOnsiY3JlYXRlIjoyNDAwMDAwMDAwMDAsImRlbGV0ZSI6MjQwMDAwMDAwMDAwLCJ1cGRhdGUiOjI0MDAwMDAwMDAwMH0sInNjaGVtYV92ZXJzaW9uIjoiMSJ9"
        }
      ]
    },
    {
      "mode": "managed",
      "type": "google_compute_firewall",
      "name": "net1_allow_internal",
      "provider": "provider[\"registry.terraform.io/hashicorp/google\"]",
      "instances": [
        {
          "schema_version": 1,
          "attributes": {
            "allow": [
              {
                "ports": [],
                "protocol": "all"
              }
            ],
            "creation_timestamp": "2021-07-21T21:38:37.397-07:00",
            "deny": [],
            "description": "",
            "destination_ranges": [],
            "direction": "INGRESS",
            "disabled": false,
            "enable_logging": null,
            "id": "projects/run-ai-external/global/firewalls/net1-allow-internal",
            "log_config": [],
            "name": "net1-allow-internal",
            "network": "https://www.googleapis.com/compute/v1/projects/run-ai-external/global/networks/net1",
            "priority": 1000,
            "project": "run-ai-external",
            "self_link": "https://www.googleapis.com/compute/v1/projects/run-ai-external/global/firewalls/net1-allow-internal",
            "source_ranges": [
              "10.128.0.0/16",
              "10.44.1.0/24",
              "192.168.1.0/24"
            ],
            "source_service_accounts": [],
            "source_tags": [],
            "target_service_accounts": [],
            "target_tags": [],
            "timeouts": null
          },
          "sensitive_attributes": [],
          "private": "eyJlMmJmYjczMC1lY2FhLTExZTYtOGY4OC0zNDM2M2JjN2M0YzAiOnsiY3JlYXRlIjoyNDAwMDAwMDAwMDAsImRlbGV0ZSI6MjQwMDAwMDAwMDAwLCJ1cGRhdGUiOjI0MDAwMDAwMDAwMH0sInNjaGVtYV92ZXJzaW9uIjoiMSJ9"
        }
      ]
    },
    {
      "mode": "managed",
      "type": "google_compute_instance",
      "name": "master0",
      "provider": "provider[\"registry.terraform.io/hashicorp/google\"]",
      "instances": [
        {
          "schema_version": 6,
          "attributes": {
            "advanced_machine_features": [],
            "allow_stopping_for_update": true,
            "attached_disk": [],
            "boot_disk": [
              {
                "auto_delete": true,
                "device_name": "persistent-disk-0",
                "disk_encryption_key_raw": "",
                "disk_encryption_key_sha256": "",
                "initialize_params": [
                  {
                    "image": "https://www.googleapis.com/compute/v1/projects/centos-cloud/global/images/centos-8-v20210721",
                    "labels": {},
                    "size": 20,
                    "type": "pd-standard"
                  }
                ],
                "kms_key_self_link": "",
                "mode": "READ_WRITE",
                "source": "https://www.googleapis.com/compute/v1/projects/run-ai-external/zones/us-central1-b/disks/kube-mn-master0"
              }
            ],
            "can_ip_forward": true,
            "confidential_instance_config": [],
            "cpu_platform": "Intel Cascade Lake",
            "current_status": "RUNNING",
            "deletion_protection": false,
            "description": "",
            "desired_status": null,
            "enable_display": false,
            "guest_accelerator": [],
            "hostname": "",
            "id": "projects/run-ai-external/zones/us-central1-b/instances/kube-mn-master0",
            "instance_id": "2469956603300061040",
            "label_fingerprint": "42WmSpB8rSM=",
            "labels": {},
            "machine_type": "n2-standard-4",
            "metadata": {},
            "metadata_fingerprint": "eh07T5MFs80=",
            "metadata_startup_script": "echo \"1 rt1\" | sudo tee -a /etc/iproute2/rt_tables\nip route add 192.168.1.1 src 192.168.1.3 dev eth1 table rt1\nip route add default via 192.168.1.1 dev eth1 table rt1\nip rule add from 192.168.1.3/32 table rt1\nip rule add to 192.168.1.3/32 table rt1\n\n\"2 rt2\" | sudo tee -a /etc/iproute2/rt_tables\nip route add 10.44.1.1 src 10.44.1.3 dev eth2 table rt2\nip route add default via 10.44.1.1 dev eth2 table rt2\nip rule add from 10.44.1.3/32 table rt2\nip rule add to 10.44.1.3/32 table rt2\n",
            "min_cpu_platform": "",
            "name": "kube-mn-master0",
            "network_interface": [
              {
                "access_config": [
                  {
                    "nat_ip": "35.192.68.184",
                    "network_tier": "PREMIUM",
                    "public_ptr_domain_name": ""
                  }
                ],
                "alias_ip_range": [],
                "name": "nic0",
                "network": "https://www.googleapis.com/compute/v1/projects/run-ai-external/global/networks/default",
                "network_ip": "10.128.0.6",
                "nic_type": "",
                "subnetwork": "https://www.googleapis.com/compute/v1/projects/run-ai-external/regions/us-central1/subnetworks/default",
                "subnetwork_project": "run-ai-external"
              },
              {
                "access_config": [],
                "alias_ip_range": [],
                "name": "nic1",
                "network": "https://www.googleapis.com/compute/v1/projects/run-ai-external/global/networks/net0",
                "network_ip": "192.168.1.3",
                "nic_type": "",
                "subnetwork": "https://www.googleapis.com/compute/v1/projects/run-ai-external/regions/us-central1/subnetworks/net0-subnet0",
                "subnetwork_project": "run-ai-external"
              },
              {
                "access_config": [],
                "alias_ip_range": [],
                "name": "nic2",
                "network": "https://www.googleapis.com/compute/v1/projects/run-ai-external/global/networks/net1",
                "network_ip": "10.44.1.3",
                "nic_type": "",
                "subnetwork": "https://www.googleapis.com/compute/v1/projects/run-ai-external/regions/us-central1/subnetworks/net1-subnet0",
                "subnetwork_project": "run-ai-external"
              }
            ],
            "project": "run-ai-external",
            "reservation_affinity": [],
            "resource_policies": [],
            "scheduling": [
              {
                "automatic_restart": true,
                "min_node_cpus": 0,
                "node_affinities": [],
                "on_host_maintenance": "MIGRATE",
                "preemptible": false
              }
            ],
            "scratch_disk": [],
            "self_link": "https://www.googleapis.com/compute/v1/projects/run-ai-external/zones/us-central1-b/instances/kube-mn-master0",
            "service_account": [],
            "shielded_instance_config": [
              {
                "enable_integrity_monitoring": true,
                "enable_secure_boot": false,
                "enable_vtpm": true
              }
            ],
            "tags": [],
            "tags_fingerprint": "42WmSpB8rSM=",
            "timeouts": null,
            "zone": "us-central1-b"
          },
          "sensitive_attributes": [],
          "private": "eyJlMmJmYjczMC1lY2FhLTExZTYtOGY4OC0zNDM2M2JjN2M0YzAiOnsiY3JlYXRlIjoxMjAwMDAwMDAwMDAwLCJkZWxldGUiOjEyMDAwMDAwMDAwMDAsInVwZGF0ZSI6MTIwMDAwMDAwMDAwMH0sInNjaGVtYV92ZXJzaW9uIjoiNiJ9",
          "dependencies": [
            "google_compute_network.net1",
            "google_compute_subnetwork.net0_subnet0",
            "google_compute_subnetwork.net1_subnet0",
            "google_compute_address.master0",
            "google_compute_network.net0"
          ]
        }
      ]
    },
    {
      "mode": "managed",
      "type": "google_compute_instance",
      "name": "n0_0",
      "provider": "provider[\"registry.terraform.io/hashicorp/google\"]",
      "instances": [
        {
          "schema_version": 6,
          "attributes": {
            "advanced_machine_features": [],
            "allow_stopping_for_update": true,
            "attached_disk": [],
            "boot_disk": [
              {
                "auto_delete": true,
                "device_name": "persistent-disk-0",
                "disk_encryption_key_raw": "",
                "disk_encryption_key_sha256": "",
                "initialize_params": [
                  {
                    "image": "https://www.googleapis.com/compute/v1/projects/centos-cloud/global/images/centos-7-v20210721",
                    "labels": {},
                    "size": 20,
                    "type": "pd-standard"
                  }
                ],
                "kms_key_self_link": "",
                "mode": "READ_WRITE",
                "source": "https://www.googleapis.com/compute/v1/projects/run-ai-external/zones/us-central1-b/disks/kube-mn-n0-0"
              }
            ],
            "can_ip_forward": true,
            "confidential_instance_config": [],
            "cpu_platform": "Intel Cascade Lake",
            "current_status": "RUNNING",
            "deletion_protection": false,
            "description": "",
            "desired_status": null,
            "enable_display": false,
            "guest_accelerator": [],
            "hostname": "",
            "id": "projects/run-ai-external/zones/us-central1-b/instances/kube-mn-n0-0",
            "instance_id": "2150745949437513452",
            "label_fingerprint": "42WmSpB8rSM=",
            "labels": {},
            "machine_type": "n2-standard-2",
            "metadata": {},
            "metadata_fingerprint": "cobv4m8WK5I=",
            "metadata_startup_script": "",
            "min_cpu_platform": "",
            "name": "kube-mn-n0-0",
            "network_interface": [
              {
                "access_config": [
                  {
                    "nat_ip": "34.134.145.3",
                    "network_tier": "PREMIUM",
                    "public_ptr_domain_name": ""
                  }
                ],
                "alias_ip_range": [],
                "name": "nic0",
                "network": "https://www.googleapis.com/compute/v1/projects/run-ai-external/global/networks/net0",
                "network_ip": "192.168.1.5",
                "nic_type": "",
                "subnetwork": "https://www.googleapis.com/compute/v1/projects/run-ai-external/regions/us-central1/subnetworks/net0-subnet0",
                "subnetwork_project": "run-ai-external"
              }
            ],
            "project": "run-ai-external",
            "reservation_affinity": [],
            "resource_policies": [],
            "scheduling": [
              {
                "automatic_restart": true,
                "min_node_cpus": 0,
                "node_affinities": [],
                "on_host_maintenance": "MIGRATE",
                "preemptible": false
              }
            ],
            "scratch_disk": [],
            "self_link": "https://www.googleapis.com/compute/v1/projects/run-ai-external/zones/us-central1-b/instances/kube-mn-n0-0",
            "service_account": [],
            "shielded_instance_config": [
              {
                "enable_integrity_monitoring": true,
                "enable_secure_boot": false,
                "enable_vtpm": true
              }
            ],
            "tags": [],
            "tags_fingerprint": "42WmSpB8rSM=",
            "timeouts": null,
            "zone": "us-central1-b"
          },
          "sensitive_attributes": [],
          "private": "eyJlMmJmYjczMC1lY2FhLTExZTYtOGY4OC0zNDM2M2JjN2M0YzAiOnsiY3JlYXRlIjoxMjAwMDAwMDAwMDAwLCJkZWxldGUiOjEyMDAwMDAwMDAwMDAsInVwZGF0ZSI6MTIwMDAwMDAwMDAwMH0sInNjaGVtYV92ZXJzaW9uIjoiNiJ9",
          "dependencies": [
            "google_compute_network.net0",
            "google_compute_subnetwork.net0_subnet0"
          ]
        }
      ]
    },
    {
      "mode": "managed",
      "type": "google_compute_instance",
      "name": "n1_0",
      "provider": "provider[\"registry.terraform.io/hashicorp/google\"]",
      "instances": [
        {
          "schema_version": 6,
          "attributes": {
            "advanced_machine_features": [],
            "allow_stopping_for_update": true,
            "attached_disk": [],
            "boot_disk": [
              {
                "auto_delete": true,
                "device_name": "persistent-disk-0",
                "disk_encryption_key_raw": "",
                "disk_encryption_key_sha256": "",
                "initialize_params": [
                  {
                    "image": "https://www.googleapis.com/compute/v1/projects/ubuntu-os-cloud/global/images/ubuntu-2004-focal-v20210720",
                    "labels": {},
                    "size": 10,
                    "type": "pd-standard"
                  }
                ],
                "kms_key_self_link": "",
                "mode": "READ_WRITE",
                "source": "https://www.googleapis.com/compute/v1/projects/run-ai-external/zones/us-central1-b/disks/kube-mn-n1-0"
              }
            ],
            "can_ip_forward": true,
            "confidential_instance_config": [],
            "cpu_platform": "Intel Cascade Lake",
            "current_status": "RUNNING",
            "deletion_protection": false,
            "description": "",
            "desired_status": null,
            "enable_display": false,
            "guest_accelerator": [],
            "hostname": "",
            "id": "projects/run-ai-external/zones/us-central1-b/instances/kube-mn-n1-0",
            "instance_id": "4741752036663840491",
            "label_fingerprint": "42WmSpB8rSM=",
            "labels": {},
            "machine_type": "n2-standard-2",
            "metadata": {},
            "metadata_fingerprint": "cobv4m8WK5I=",
            "metadata_startup_script": "",
            "min_cpu_platform": "",
            "name": "kube-mn-n1-0",
            "network_interface": [
              {
                "access_config": [
                  {
                    "nat_ip": "35.223.230.139",
                    "network_tier": "PREMIUM",
                    "public_ptr_domain_name": ""
                  }
                ],
                "alias_ip_range": [],
                "name": "nic0",
                "network": "https://www.googleapis.com/compute/v1/projects/run-ai-external/global/networks/net1",
                "network_ip": "10.44.1.5",
                "nic_type": "",
                "subnetwork": "https://www.googleapis.com/compute/v1/projects/run-ai-external/regions/us-central1/subnetworks/net1-subnet0",
                "subnetwork_project": "run-ai-external"
              }
            ],
            "project": "run-ai-external",
            "reservation_affinity": [],
            "resource_policies": [],
            "scheduling": [
              {
                "automatic_restart": true,
                "min_node_cpus": 0,
                "node_affinities": [],
                "on_host_maintenance": "MIGRATE",
                "preemptible": false
              }
            ],
            "scratch_disk": [],
            "self_link": "https://www.googleapis.com/compute/v1/projects/run-ai-external/zones/us-central1-b/instances/kube-mn-n1-0",
            "service_account": [],
            "shielded_instance_config": [
              {
                "enable_integrity_monitoring": true,
                "enable_secure_boot": false,
                "enable_vtpm": true
              }
            ],
            "tags": [],
            "tags_fingerprint": "42WmSpB8rSM=",
            "timeouts": null,
            "zone": "us-central1-b"
          },
          "sensitive_attributes": [],
          "private": "eyJlMmJmYjczMC1lY2FhLTExZTYtOGY4OC0zNDM2M2JjN2M0YzAiOnsiY3JlYXRlIjoxMjAwMDAwMDAwMDAwLCJkZWxldGUiOjEyMDAwMDAwMDAwMDAsInVwZGF0ZSI6MTIwMDAwMDAwMDAwMH0sInNjaGVtYV92ZXJzaW9uIjoiNiJ9",
          "dependencies": [
            "google_compute_network.net1",
            "google_compute_subnetwork.net1_subnet0"
          ]
        }
      ]
    },
    {
      "mode": "managed",
      "type": "google_compute_instance",
      "name": "node_mn_0",
      "provider": "provider[\"registry.terraform.io/hashicorp/google\"]",
      "instances": [
        {
          "schema_version": 6,
          "attributes": {
            "advanced_machine_features": [],
            "allow_stopping_for_update": true,
            "attached_disk": [],
            "boot_disk": [
              {
                "auto_delete": true,
                "device_name": "persistent-disk-0",
                "disk_encryption_key_raw": "",
                "disk_encryption_key_sha256": "",
                "initialize_params": [
                  {
                    "image": "https://www.googleapis.com/compute/v1/projects/centos-cloud/global/images/centos-8-v20210721",
                    "labels": {},
                    "size": 20,
                    "type": "pd-standard"
                  }
                ],
                "kms_key_self_link": "",
                "mode": "READ_WRITE",
                "source": "https://www.googleapis.com/compute/v1/projects/run-ai-external/zones/us-central1-b/disks/kube-mn-n2-0"
              }
            ],
            "can_ip_forward": true,
            "confidential_instance_config": [],
            "cpu_platform": "Intel Cascade Lake",
            "current_status": "RUNNING",
            "deletion_protection": false,
            "description": "",
            "desired_status": null,
            "enable_display": false,
            "guest_accelerator": [],
            "hostname": "",
            "id": "projects/run-ai-external/zones/us-central1-b/instances/kube-mn-n2-0",
            "instance_id": "502572826785994931",
            "label_fingerprint": "42WmSpB8rSM=",
            "labels": null,
            "machine_type": "n2-standard-4",
            "metadata": null,
            "metadata_fingerprint": "sZF9t-R_JmM=",
            "metadata_startup_script": "echo \"1 rt1\" | sudo tee -a /etc/iproute2/rt_tables\nip route add 192.168.1.1 src 192.168.1.10 dev eth1 table rt1\nip route add default via 192.168.1.1 dev eth1 table rt1\nip rule add from 192.168.1.10/32 table rt1\nip rule add to 192.168.1.10/32 table rt1\n\necho \"2 rt2\" | sudo tee -a /etc/iproute2/rt_tables\nip route add 10.44.1.1 src 10.44.1.10 dev eth2 table rt2\nip route add default via 10.44.1.1 dev eth2 table rt2\nip rule add from 10.44.1.10/32 table rt2\nip rule add to 10.44.1.10/32 table rt2\n",
            "min_cpu_platform": "",
            "name": "kube-mn-n2-0",
            "network_interface": [
              {
                "access_config": [
                  {
                    "nat_ip": "35.232.184.133",
                    "network_tier": "PREMIUM",
                    "public_ptr_domain_name": ""
                  }
                ],
                "alias_ip_range": [],
                "name": "nic0",
                "network": "https://www.googleapis.com/compute/v1/projects/run-ai-external/global/networks/default",
                "network_ip": "10.128.0.7",
                "nic_type": "",
                "subnetwork": "https://www.googleapis.com/compute/v1/projects/run-ai-external/regions/us-central1/subnetworks/default",
                "subnetwork_project": "run-ai-external"
              },
              {
                "access_config": [],
                "alias_ip_range": [],
                "name": "nic1",
                "network": "https://www.googleapis.com/compute/v1/projects/run-ai-external/global/networks/net0",
                "network_ip": "192.168.1.10",
                "nic_type": "",
                "subnetwork": "https://www.googleapis.com/compute/v1/projects/run-ai-external/regions/us-central1/subnetworks/net0-subnet0",
                "subnetwork_project": "run-ai-external"
              },
              {
                "access_config": [],
                "alias_ip_range": [],
                "name": "nic2",
                "network": "https://www.googleapis.com/compute/v1/projects/run-ai-external/global/networks/net1",
                "network_ip": "10.44.1.10",
                "nic_type": "",
                "subnetwork": "https://www.googleapis.com/compute/v1/projects/run-ai-external/regions/us-central1/subnetworks/net1-subnet0",
                "subnetwork_project": "run-ai-external"
              }
            ],
            "project": "run-ai-external",
            "reservation_affinity": [],
            "resource_policies": null,
            "scheduling": [
              {
                "automatic_restart": true,
                "min_node_cpus": 0,
                "node_affinities": [],
                "on_host_maintenance": "MIGRATE",
                "preemptible": false
              }
            ],
            "scratch_disk": [],
            "self_link": "https://www.googleapis.com/compute/v1/projects/run-ai-external/zones/us-central1-b/instances/kube-mn-n2-0",
            "service_account": [],
            "shielded_instance_config": [
              {
                "enable_integrity_monitoring": true,
                "enable_secure_boot": false,
                "enable_vtpm": true
              }
            ],
            "tags": null,
            "tags_fingerprint": "42WmSpB8rSM=",
            "timeouts": null,
            "zone": "us-central1-b"
          },
          "sensitive_attributes": [],
          "private": "eyJlMmJmYjczMC1lY2FhLTExZTYtOGY4OC0zNDM2M2JjN2M0YzAiOnsiY3JlYXRlIjoxMjAwMDAwMDAwMDAwLCJkZWxldGUiOjEyMDAwMDAwMDAwMDAsInVwZGF0ZSI6MTIwMDAwMDAwMDAwMH0sInNjaGVtYV92ZXJzaW9uIjoiNiJ9",
          "dependencies": [
            "google_compute_subnetwork.net0_subnet0",
            "google_compute_subnetwork.net1_subnet0"
          ]
        }
      ]
    },
    {
      "mode": "managed",
      "type": "google_compute_network",
      "name": "net0",
      "provider": "provider[\"registry.terraform.io/hashicorp/google\"]",
      "instances": [
        {
          "schema_version": 0,
          "attributes": {
            "auto_create_subnetworks": false,
            "delete_default_routes_on_create": false,
            "description": "",
            "gateway_ipv4": "",
            "id": "projects/run-ai-external/global/networks/net0",
            "mtu": 0,
            "name": "net0",
            "project": "run-ai-external",
            "routing_mode": "REGIONAL",
            "self_link": "https://www.googleapis.com/compute/v1/projects/run-ai-external/global/networks/net0",
            "timeouts": null
          },
          "sensitive_attributes": [],
          "private": "eyJlMmJmYjczMC1lY2FhLTExZTYtOGY4OC0zNDM2M2JjN2M0YzAiOnsiY3JlYXRlIjoyNDAwMDAwMDAwMDAsImRlbGV0ZSI6MjQwMDAwMDAwMDAwLCJ1cGRhdGUiOjI0MDAwMDAwMDAwMH19"
        }
      ]
    },
    {
      "mode": "managed",
      "type": "google_compute_network",
      "name": "net1",
      "provider": "provider[\"registry.terraform.io/hashicorp/google\"]",
      "instances": [
        {
          "schema_version": 0,
          "attributes": {
            "auto_create_subnetworks": false,
            "delete_default_routes_on_create": false,
            "description": "",
            "gateway_ipv4": "",
            "id": "projects/run-ai-external/global/networks/net1",
            "mtu": 0,
            "name": "net1",
            "project": "run-ai-external",
            "routing_mode": "REGIONAL",
            "self_link": "https://www.googleapis.com/compute/v1/projects/run-ai-external/global/networks/net1",
            "timeouts": null
          },
          "sensitive_attributes": [],
          "private": "eyJlMmJmYjczMC1lY2FhLTExZTYtOGY4OC0zNDM2M2JjN2M0YzAiOnsiY3JlYXRlIjoyNDAwMDAwMDAwMDAsImRlbGV0ZSI6MjQwMDAwMDAwMDAwLCJ1cGRhdGUiOjI0MDAwMDAwMDAwMH19"
        }
      ]
    },
    {
      "mode": "managed",
      "type": "google_compute_subnetwork",
      "name": "net0_subnet0",
      "provider": "provider[\"registry.terraform.io/hashicorp/google\"]",
      "instances": [
        {
          "schema_version": 0,
          "attributes": {
            "creation_timestamp": "2021-07-21T20:14:39.782-07:00",
            "description": "",
            "fingerprint": null,
            "gateway_address": "192.168.1.1",
            "id": "projects/run-ai-external/regions/us-central1/subnetworks/net0-subnet0",
            "ip_cidr_range": "192.168.1.0/24",
            "log_config": [],
            "name": "net0-subnet0",
            "network": "https://www.googleapis.com/compute/v1/projects/run-ai-external/global/networks/net0",
            "private_ip_google_access": false,
            "private_ipv6_google_access": "DISABLE_GOOGLE_ACCESS",
            "project": "run-ai-external",
            "region": "us-central1",
            "secondary_ip_range": [],
            "self_link": "https://www.googleapis.com/compute/v1/projects/run-ai-external/regions/us-central1/subnetworks/net0-subnet0",
            "timeouts": null
          },
          "sensitive_attributes": [],
          "private": "eyJlMmJmYjczMC1lY2FhLTExZTYtOGY4OC0zNDM2M2JjN2M0YzAiOnsiY3JlYXRlIjozNjAwMDAwMDAwMDAsImRlbGV0ZSI6MzYwMDAwMDAwMDAwLCJ1cGRhdGUiOjM2MDAwMDAwMDAwMH19",
          "dependencies": [
            "google_compute_network.net0"
          ]
        }
      ]
    },
    {
      "mode": "managed",
      "type": "google_compute_subnetwork",
      "name": "net1_subnet0",
      "provider": "provider[\"registry.terraform.io/hashicorp/google\"]",
      "instances": [
        {
          "schema_version": 0,
          "attributes": {
            "creation_timestamp": "2021-07-21T20:14:39.144-07:00",
            "description": "",
            "fingerprint": null,
            "gateway_address": "10.44.1.1",
            "id": "projects/run-ai-external/regions/us-central1/subnetworks/net1-subnet0",
            "ip_cidr_range": "10.44.1.0/24",
            "log_config": [],
            "name": "net1-subnet0",
            "network": "https://www.googleapis.com/compute/v1/projects/run-ai-external/global/networks/net1",
            "private_ip_google_access": false,
            "private_ipv6_google_access": "DISABLE_GOOGLE_ACCESS",
            "project": "run-ai-external",
            "region": "us-central1",
            "secondary_ip_range": [],
            "self_link": "https://www.googleapis.com/compute/v1/projects/run-ai-external/regions/us-central1/subnetworks/net1-subnet0",
            "timeouts": null
          },
          "sensitive_attributes": [],
          "private": "eyJlMmJmYjczMC1lY2FhLTExZTYtOGY4OC0zNDM2M2JjN2M0YzAiOnsiY3JlYXRlIjozNjAwMDAwMDAwMDAsImRlbGV0ZSI6MzYwMDAwMDAwMDAwLCJ1cGRhdGUiOjM2MDAwMDAwMDAwMH19",
          "dependencies": [
            "google_compute_network.net1"
          ]
        }
      ]
    },
    {
      "module": "module.peering",
      "mode": "managed",
      "type": "google_compute_network_peering",
      "name": "local_network_peering",
      "provider": "provider[\"registry.terraform.io/hashicorp/google-beta\"]",
      "instances": [
        {
          "schema_version": 0,
          "attributes": {
            "export_custom_routes": false,
            "export_subnet_routes_with_public_ip": true,
            "id": "net0/network-peering-net0-net1",
            "import_custom_routes": false,
            "import_subnet_routes_with_public_ip": false,
            "name": "network-peering-net0-net1",
            "network": "https://www.googleapis.com/compute/v1/projects/run-ai-external/global/networks/net0",
            "peer_network": "https://www.googleapis.com/compute/beta/projects/run-ai-external/global/networks/net1",
            "state": "ACTIVE",
            "state_details": "[2021-07-21T20:15:00.770-07:00]: Connected.",
            "timeouts": null
          },
          "sensitive_attributes": [],
          "private": "eyJlMmJmYjczMC1lY2FhLTExZTYtOGY4OC0zNDM2M2JjN2M0YzAiOnsiY3JlYXRlIjoyNDAwMDAwMDAwMDAsImRlbGV0ZSI6MjQwMDAwMDAwMDAwLCJ1cGRhdGUiOjI0MDAwMDAwMDAwMH19",
          "dependencies": [
            "google_compute_network.net0",
            "google_compute_network.net1",
            "module.peering.null_resource.module_depends_on",
            "module.peering.random_string.network_peering_suffix"
          ]
        }
      ]
    },
    {
      "module": "module.peering",
      "mode": "managed",
      "type": "google_compute_network_peering",
      "name": "peer_network_peering",
      "provider": "provider[\"registry.terraform.io/hashicorp/google-beta\"]",
      "instances": [
        {
          "schema_version": 0,
          "attributes": {
            "export_custom_routes": false,
            "export_subnet_routes_with_public_ip": false,
            "id": "net1/network-peering-net1-net0",
            "import_custom_routes": false,
            "import_subnet_routes_with_public_ip": true,
            "name": "network-peering-net1-net0",
            "network": "https://www.googleapis.com/compute/v1/projects/run-ai-external/global/networks/net1",
            "peer_network": "https://www.googleapis.com/compute/beta/projects/run-ai-external/global/networks/net0",
            "state": "ACTIVE",
            "state_details": "[2021-07-21T20:15:02.708-07:00]: Connected.",
            "timeouts": null
          },
          "sensitive_attributes": [],
          "private": "eyJlMmJmYjczMC1lY2FhLTExZTYtOGY4OC0zNDM2M2JjN2M0YzAiOnsiY3JlYXRlIjoyNDAwMDAwMDAwMDAsImRlbGV0ZSI6MjQwMDAwMDAwMDAwLCJ1cGRhdGUiOjI0MDAwMDAwMDAwMH19",
          "dependencies": [
            "google_compute_network.net0",
            "google_compute_network.net1",
            "module.peering.google_compute_network_peering.local_network_peering",
            "module.peering.null_resource.module_depends_on",
            "module.peering.random_string.network_peering_suffix"
          ]
        }
      ]
    },
    {
      "module": "module.peering",
      "mode": "managed",
      "type": "null_resource",
      "name": "complete",
      "provider": "provider[\"registry.terraform.io/hashicorp/null\"]",
      "instances": [
        {
          "schema_version": 0,
          "attributes": {
            "id": "1184298043973356717",
            "triggers": null
          },
          "sensitive_attributes": [],
          "private": "bnVsbA==",
          "dependencies": [
            "google_compute_network.net1",
            "module.peering.google_compute_network_peering.local_network_peering",
            "module.peering.google_compute_network_peering.peer_network_peering",
            "module.peering.null_resource.module_depends_on",
            "module.peering.random_string.network_peering_suffix",
            "google_compute_network.net0"
          ]
        }
      ]
    },
    {
      "module": "module.peering",
      "mode": "managed",
      "type": "null_resource",
      "name": "module_depends_on",
      "provider": "provider[\"registry.terraform.io/hashicorp/null\"]",
      "instances": [
        {
          "schema_version": 0,
          "attributes": {
            "id": "1555256352442391116",
            "triggers": {
              "value": "0"
            }
          },
          "sensitive_attributes": [],
          "private": "bnVsbA=="
        }
      ]
    },
    {
      "module": "module.peering",
      "mode": "managed",
      "type": "random_string",
      "name": "network_peering_suffix",
      "provider": "provider[\"registry.terraform.io/hashicorp/random\"]",
      "instances": [
        {
          "schema_version": 1,
          "attributes": {
            "id": "5qil",
            "keepers": null,
            "length": 4,
            "lower": true,
            "min_lower": 0,
            "min_numeric": 0,
            "min_special": 0,
            "min_upper": 0,
            "number": true,
            "override_special": null,
            "result": "5qil",
            "special": false,
            "upper": false
          },
          "sensitive_attributes": [],
          "private": "eyJzY2hlbWFfdmVyc2lvbiI6IjEifQ=="
        }
      ]
    }
  ]
}
